
Microsoft Visual Studio Solution File, Format Version 12.00
# Visual Studio Version 17
VisualStudioVersion = 17.7.34031.279
MinimumVisualStudioVersion = 10.0.40219.1
Project("{FAE04EC0-301F-11D3-BF4B-00C04F79EFBC}") = "Highlights2024", "Highlights2024.csproj", "{FAD0A555-04CA-4468-BA7B-192C56B8169C}"
EndProject
Global
	GlobalSection(SolutionConfigurationPlatforms) = preSolution
		Debug|Any CPU = Debug|Any CPU
		Release|Any CPU = Release|Any CPU
	EndGlobalSection
	GlobalSection(ProjectConfigurationPlatforms) = postSolution
		{FAD0A555-04CA-4468-BA7B-192C56B8169C}.Debug|Any CPU.ActiveCfg = Debug|Any CPU
		{FAD0A555-04CA-4468-BA7B-192C56B8169C}.Debug|Any CPU.Build.0 = Debug|Any CPU
		{FAD0A555-04CA-4468-BA7B-192C56B8169C}.Release|Any CPU.ActiveCfg = Release|Any CPU
		{FAD0A555-04CA-4468-BA7B-192C56B8169C}.Release|Any CPU.Build.0 = Release|Any CPU
	EndGlobalSection
	GlobalSection(SolutionProperties) = preSolution
		HideSolutionNode = FALSE
	EndGlobalSection
	GlobalSection(ExtensibilityGlobals) = postSolution
		SolutionGuid = {F1395FDB-7B55-45C8-943F-799E0407F6EA}
	EndGlobalSection
EndGlobal
